
Microsoft Visual Studio Solution File, Format Version 12.00
# Visual Studio Version 16
VisualStudioVersion = 16.0.30907.101
MinimumVisualStudioVersion = 10.0.40219.1
Project("{FAE04EC0-301F-11D3-BF4B-00C04F79EFBC}") = "Login_SQL_CMD", "Login_SQL_CMD\Login_SQL_CMD.csproj", "{42782DD9-2CDF-4DCF-AE6B-A0544235A4FE}"
EndProject
Global
	GlobalSection(SolutionConfigurationPlatforms) = preSolution
		Debug|Any CPU = Debug|Any CPU
		Release|Any CPU = Release|Any CPU
	EndGlobalSection
	GlobalSection(ProjectConfigurationPlatforms) = postSolution
		{42782DD9-2CDF-4DCF-AE6B-A0544235A4FE}.Debug|Any CPU.ActiveCfg = Debug|Any CPU
		{42782DD9-2CDF-4DCF-AE6B-A0544235A4FE}.Debug|Any CPU.Build.0 = Debug|Any CPU
		{42782DD9-2CDF-4DCF-AE6B-A0544235A4FE}.Release|Any CPU.ActiveCfg = Release|Any CPU
		{42782DD9-2CDF-4DCF-AE6B-A0544235A4FE}.Release|Any CPU.Build.0 = Release|Any CPU
	EndGlobalSection
	GlobalSection(SolutionProperties) = preSolution
		HideSolutionNode = FALSE
	EndGlobalSection
	GlobalSection(ExtensibilityGlobals) = postSolution
		SolutionGuid = {C0B37A1A-E068-4B57-BA81-DD969BE951D1}
	EndGlobalSection
EndGlobal
