
Microsoft Visual Studio Solution File, Format Version 12.00
# Visual Studio Version 16
VisualStudioVersion = 16.0.30907.101
MinimumVisualStudioVersion = 10.0.40219.1
Project("{FAE04EC0-301F-11D3-BF4B-00C04F79EFBC}") = "CRUD_Example", "CRUD_Example\CRUD_Example.csproj", "{53015A08-8650-4A2E-9595-550622348FAE}"
EndProject
Global
	GlobalSection(SolutionConfigurationPlatforms) = preSolution
		Debug|Any CPU = Debug|Any CPU
		Release|Any CPU = Release|Any CPU
	EndGlobalSection
	GlobalSection(ProjectConfigurationPlatforms) = postSolution
		{53015A08-8650-4A2E-9595-550622348FAE}.Debug|Any CPU.ActiveCfg = Debug|Any CPU
		{53015A08-8650-4A2E-9595-550622348FAE}.Debug|Any CPU.Build.0 = Debug|Any CPU
		{53015A08-8650-4A2E-9595-550622348FAE}.Release|Any CPU.ActiveCfg = Release|Any CPU
		{53015A08-8650-4A2E-9595-550622348FAE}.Release|Any CPU.Build.0 = Release|Any CPU
	EndGlobalSection
	GlobalSection(SolutionProperties) = preSolution
		HideSolutionNode = FALSE
	EndGlobalSection
	GlobalSection(ExtensibilityGlobals) = postSolution
		SolutionGuid = {CF281FEF-1E2D-405D-A87A-8FB9A6385676}
	EndGlobalSection
EndGlobal
